
Microsoft Visual Studio Solution File, Format Version 12.00
# Visual Studio 2012
Project("{FAE04EC0-301F-11D3-BF4B-00C04F79EFBC}") = "Inception", "Inception\Inception.csproj", "{FD5E842E-5BBA-4E7A-8EA5-C8CC738A5C20}"
EndProject
Project("{FAE04EC0-301F-11D3-BF4B-00C04F79EFBC}") = "Inception.Tests", "Inception.Tests\Inception.Tests.csproj", "{EB55E4DC-8503-4820-B5F5-2A682E4F14FF}"
EndProject
Project("{2150E333-8FDC-42A3-9474-1A3956D46DE8}") = "Solution Items", "Solution Items", "{C2D08DD6-C7EF-45DA-8411-004FDF3CB50A}"
	ProjectSection(SolutionItems) = preProject
		LICENSE.TXT = LICENSE.TXT
	EndProjectSection
EndProject
Project("{2150E333-8FDC-42A3-9474-1A3956D46DE8}") = ".nuget", ".nuget", "{5A77B5BF-7C08-4F23-842D-CEE7D33FEEE9}"
	ProjectSection(SolutionItems) = preProject
		.nuget\NuGet.Config = .nuget\NuGet.Config
		.nuget\NuGet.exe = .nuget\NuGet.exe
		.nuget\NuGet.targets = .nuget\NuGet.targets
	EndProjectSection
EndProject
Project("{FAE04EC0-301F-11D3-BF4B-00C04F79EFBC}") = "Inception.Tests.ScannerTest", "Inception.Tests.ScannerTest\Inception.Tests.ScannerTest.csproj", "{93A248E8-18DA-4659-9C5C-8E2E438C7B2B}"
EndProject
Global
	GlobalSection(SolutionConfigurationPlatforms) = preSolution
		Debug|Any CPU = Debug|Any CPU
		Debug|Mixed Platforms = Debug|Mixed Platforms
		Debug|x86 = Debug|x86
		Release|Any CPU = Release|Any CPU
		Release|Mixed Platforms = Release|Mixed Platforms
		Release|x86 = Release|x86
	EndGlobalSection
	GlobalSection(ProjectConfigurationPlatforms) = postSolution
		{FD5E842E-5BBA-4E7A-8EA5-C8CC738A5C20}.Debug|Any CPU.ActiveCfg = Debug|Any CPU
		{FD5E842E-5BBA-4E7A-8EA5-C8CC738A5C20}.Debug|Any CPU.Build.0 = Debug|Any CPU
		{FD5E842E-5BBA-4E7A-8EA5-C8CC738A5C20}.Debug|Mixed Platforms.ActiveCfg = Debug|Any CPU
		{FD5E842E-5BBA-4E7A-8EA5-C8CC738A5C20}.Debug|Mixed Platforms.Build.0 = Debug|Any CPU
		{FD5E842E-5BBA-4E7A-8EA5-C8CC738A5C20}.Debug|x86.ActiveCfg = Debug|Any CPU
		{FD5E842E-5BBA-4E7A-8EA5-C8CC738A5C20}.Release|Any CPU.ActiveCfg = Release|Any CPU
		{FD5E842E-5BBA-4E7A-8EA5-C8CC738A5C20}.Release|Any CPU.Build.0 = Release|Any CPU
		{FD5E842E-5BBA-4E7A-8EA5-C8CC738A5C20}.Release|Mixed Platforms.ActiveCfg = Release|Any CPU
		{FD5E842E-5BBA-4E7A-8EA5-C8CC738A5C20}.Release|Mixed Platforms.Build.0 = Release|Any CPU
		{FD5E842E-5BBA-4E7A-8EA5-C8CC738A5C20}.Release|x86.ActiveCfg = Release|Any CPU
		{EB55E4DC-8503-4820-B5F5-2A682E4F14FF}.Debug|Any CPU.ActiveCfg = Debug|Any CPU
		{EB55E4DC-8503-4820-B5F5-2A682E4F14FF}.Debug|Any CPU.Build.0 = Debug|Any CPU
		{EB55E4DC-8503-4820-B5F5-2A682E4F14FF}.Debug|Mixed Platforms.ActiveCfg = Debug|Any CPU
		{EB55E4DC-8503-4820-B5F5-2A682E4F14FF}.Debug|Mixed Platforms.Build.0 = Debug|Any CPU
		{EB55E4DC-8503-4820-B5F5-2A682E4F14FF}.Debug|x86.ActiveCfg = Debug|Any CPU
		{EB55E4DC-8503-4820-B5F5-2A682E4F14FF}.Release|Any CPU.ActiveCfg = Release|Any CPU
		{EB55E4DC-8503-4820-B5F5-2A682E4F14FF}.Release|Any CPU.Build.0 = Release|Any CPU
		{EB55E4DC-8503-4820-B5F5-2A682E4F14FF}.Release|Mixed Platforms.ActiveCfg = Release|Any CPU
		{EB55E4DC-8503-4820-B5F5-2A682E4F14FF}.Release|Mixed Platforms.Build.0 = Release|Any CPU
		{EB55E4DC-8503-4820-B5F5-2A682E4F14FF}.Release|x86.ActiveCfg = Release|Any CPU
		{93A248E8-18DA-4659-9C5C-8E2E438C7B2B}.Debug|Any CPU.ActiveCfg = Debug|Any CPU
		{93A248E8-18DA-4659-9C5C-8E2E438C7B2B}.Debug|Any CPU.Build.0 = Debug|Any CPU
		{93A248E8-18DA-4659-9C5C-8E2E438C7B2B}.Debug|Mixed Platforms.ActiveCfg = Debug|Any CPU
		{93A248E8-18DA-4659-9C5C-8E2E438C7B2B}.Debug|Mixed Platforms.Build.0 = Debug|Any CPU
		{93A248E8-18DA-4659-9C5C-8E2E438C7B2B}.Debug|x86.ActiveCfg = Debug|Any CPU
		{93A248E8-18DA-4659-9C5C-8E2E438C7B2B}.Release|Any CPU.ActiveCfg = Release|Any CPU
		{93A248E8-18DA-4659-9C5C-8E2E438C7B2B}.Release|Any CPU.Build.0 = Release|Any CPU
		{93A248E8-18DA-4659-9C5C-8E2E438C7B2B}.Release|Mixed Platforms.ActiveCfg = Release|Any CPU
		{93A248E8-18DA-4659-9C5C-8E2E438C7B2B}.Release|Mixed Platforms.Build.0 = Release|Any CPU
		{93A248E8-18DA-4659-9C5C-8E2E438C7B2B}.Release|x86.ActiveCfg = Release|Any CPU
	EndGlobalSection
	GlobalSection(SolutionProperties) = preSolution
		HideSolutionNode = FALSE
	EndGlobalSection
EndGlobal
